# THIS IS AN AUTOGENERATED FILE. DO NOT EDIT THIS FILE DIRECTLY.
# yarn lockfile v1


"@babel/helper-validator-identifier@^7.10.4":
  version "7.10.4"
  resolved "https://registry.yarnpkg.com/@babel/helper-validator-identifier/-/helper-validator-identifier-7.10.4.tgz#a78c7a7251e01f616512d31b10adcf52ada5e0d2"
  integrity sha512-3U9y+43hz7ZM+rzG24Qe2mufW5KhvFg/NhnNph+i9mgCtdTCtMJuI1TMkrIUiK7Ix4PYlRF9I5dhqaLYA/ADXw==

"@babel/parser@^7.10.4":
  version "7.11.3"
  resolved "https://registry.yarnpkg.com/@babel/parser/-/parser-7.11.3.tgz#9e1eae46738bcd08e23e867bab43e7b95299a8f9"
  integrity sha512-REo8xv7+sDxkKvoxEywIdsNFiZLybwdI7hcT5uEPyQrSMB4YQ973BfC9OOrD/81MaIjh6UxdulIQXkjmiH3PcA==

"@babel/types@^7.10.4":
  version "7.11.0"
  resolved "https://registry.yarnpkg.com/@babel/types/-/types-7.11.0.tgz#2ae6bf1ba9ae8c3c43824e5861269871b206e90d"
  integrity sha512-O53yME4ZZI0jO1EVGtF1ePGl0LHirG4P1ibcD80XyzZcKhcMFeCXmh4Xb1ifGBIV233Qg12x4rBfQgA+tmOukA==
  dependencies:
    "@babel/helper-validator-identifier" "^7.10.4"
    lodash "^4.17.19"
    to-fast-properties "^2.0.0"

"@types/lodash@^4.14.158":
  version "4.14.158"
  resolved "https://registry.yarnpkg.com/@types/lodash/-/lodash-4.14.158.tgz#b38ea8b6fe799acd076d7a8d7ab71c26ef77f785"
  integrity sha512-InCEXJNTv/59yO4VSfuvNrZHt7eeNtWQEgnieIA+mIC+MOWM9arOWG2eQ8Vhk6NbOre6/BidiXhkZYeDY9U35w==

"@vue/compiler-core@3.0.0-rc.5":
  version "3.0.0-rc.5"
  resolved "https://registry.yarnpkg.com/@vue/compiler-core/-/compiler-core-3.0.0-rc.5.tgz#dd4f1816fcae34a81bc60e584f97993cad284d54"
  integrity sha512-dNz5AObEYg0Oglw3emIsBhTAOVfObrfxDaAzR0UTRDDq+Ohfr6KTSaVQAH88Ym+oa08ZlLZBFc6ARe9doAOIxg==
  dependencies:
    "@babel/parser" "^7.10.4"
    "@babel/types" "^7.10.4"
    "@vue/shared" "3.0.0-rc.5"
    estree-walker "^2.0.1"
    source-map "^0.6.1"

"@vue/compiler-dom@3.0.0-rc.5":
  version "3.0.0-rc.5"
  resolved "https://registry.yarnpkg.com/@vue/compiler-dom/-/compiler-dom-3.0.0-rc.5.tgz#83905e8601123a3654b90fbd80708a16530ce21a"
  integrity sha512-z8n+R1GhFnWuKURLYxfVSEfP7nSNM91qteobxwys55fhlZZuReouMnUwgrn+ois/IL6RdFlT9H+n4+N6yLrdJA==
  dependencies:
    "@vue/compiler-core" "3.0.0-rc.5"
    "@vue/shared" "3.0.0-rc.5"

"@vue/reactivity@3.0.0-rc.5":
  version "3.0.0-rc.5"
  resolved "https://registry.yarnpkg.com/@vue/reactivity/-/reactivity-3.0.0-rc.5.tgz#45cff8d839d7ad130b1e499239090050fdecff13"
  integrity sha512-oe9C+1jtWUdYL/iNc0OPWbwgOk2rOW2uQ+exx3I6Jo6PKOmnAiPkMElalf9vRnO53rnUphVecMp8BlTJvcNgDw==
  dependencies:
    "@vue/shared" "3.0.0-rc.5"

"@vue/runtime-core@3.0.0-rc.5":
  version "3.0.0-rc.5"
  resolved "https://registry.yarnpkg.com/@vue/runtime-core/-/runtime-core-3.0.0-rc.5.tgz#dd59af3a5fc089d1cdc05a657320c0dc17e5c362"
  integrity sha512-MRIWreFigxdRuI2moFociUL5rVBfgYPrT7rWfQ0XfOyW46b+AiuCJyZvgbsRXwkAERfW1Tb/mY5forYjX2thOg==
  dependencies:
    "@vue/reactivity" "3.0.0-rc.5"
    "@vue/shared" "3.0.0-rc.5"

"@vue/runtime-dom@3.0.0-rc.5":
  version "3.0.0-rc.5"
  resolved "https://registry.yarnpkg.com/@vue/runtime-dom/-/runtime-dom-3.0.0-rc.5.tgz#2fd75a1f29b23abf0ffe5ccdedabda11721c5b5b"
  integrity sha512-0jwpO3MBqMToq7qC816Z8Y6G8aN4ZKbv7MupgRaepzxhiK0sXcjLQmOATP3g/NyX52UCBJS4wAwsxidqGnAabA==
  dependencies:
    "@vue/runtime-core" "3.0.0-rc.5"
    "@vue/shared" "3.0.0-rc.5"
    csstype "^2.6.8"

"@vue/shared@3.0.0-rc.5":
  version "3.0.0-rc.5"
  resolved "https://registry.yarnpkg.com/@vue/shared/-/shared-3.0.0-rc.5.tgz#cea2378e3e37363ddc1f5dd158edc9c9b5b3fff0"
  integrity sha512-ZhcgGzBpp+pUzisZgQpM4ctIGgLpYjBj7/rZfbhEPxFHF/BuTV2jmhXvAl8aF9xDAejIcw85xCy92gDSwKtPag==

csstype@^2.6.8:
  version "2.6.13"
  resolved "https://registry.yarnpkg.com/csstype/-/csstype-2.6.13.tgz#a6893015b90e84dd6e85d0e3b442a1e84f2dbe0f"
  integrity sha512-ul26pfSQTZW8dcOnD2iiJssfXw0gdNVX9IJDH/X3K5DGPfj+fUYe3kB+swUY6BF3oZDxaID3AJt+9/ojSAE05A==

estree-walker@^2.0.1:
  version "2.0.1"
  resolved "https://registry.yarnpkg.com/estree-walker/-/estree-walker-2.0.1.tgz#f8e030fb21cefa183b44b7ad516b747434e7a3e0"
  integrity sha512-tF0hv+Yi2Ot1cwj9eYHtxC0jB9bmjacjQs6ZBTj82H8JwUywFuc+7E83NWfNMwHXZc11mjfFcVXPe9gEP4B8dg==

lodash@^4.17.19:
  version "4.17.19"
  resolved "https://registry.yarnpkg.com/lodash/-/lodash-4.17.19.tgz#e48ddedbe30b3321783c5b4301fbd353bc1e4a4b"
  integrity sha512-JNvd8XER9GQX0v2qJgsaN/mzFCNA5BRe/j8JN9d+tWyGLSodKQHKFicdwNYzWwI3wjRnaKPsGj1XkBjx/F96DQ==

prettier@^2.0.5:
  version "2.0.5"
  resolved "https://registry.yarnpkg.com/prettier/-/prettier-2.0.5.tgz#d6d56282455243f2f92cc1716692c08aa31522d4"
  integrity sha512-7PtVymN48hGcO4fGjybyBSIWDsLU4H4XlvOHfq91pz9kkGlonzwTfYkaIEwiRg/dAJF9YlbsduBAgtYLi+8cFg==

source-map@^0.6.1:
  version "0.6.1"
  resolved "https://registry.yarnpkg.com/source-map/-/source-map-0.6.1.tgz#74722af32e9614e9c287a8d0bbde48b5e2f1a263"
  integrity sha512-UjgapumWlbMhkBgzT7Ykc5YXUT46F0iKu8SGXq0bcwP5dz/h0Plj6enJqjz1Zbq2l5WaqYnrVbwWOWMyF3F47g==

to-fast-properties@^2.0.0:
  version "2.0.0"
  resolved "https://registry.yarnpkg.com/to-fast-properties/-/to-fast-properties-2.0.0.tgz#dc5e698cbd079265bc73e0377681a4e4e83f616e"
  integrity sha1-3F5pjL0HkmW8c+A3doGk5Og/YW4=

typescript@^3.9.7:
  version "3.9.7"
  resolved "https://registry.yarnpkg.com/typescript/-/typescript-3.9.7.tgz#98d600a5ebdc38f40cb277522f12dc800e9e25fa"
  integrity sha512-BLbiRkiBzAwsjut4x/dsibSTB6yWpwT5qWmC2OfuCg3GgVQCSgMs4vEctYPhsaGtd0AeuuHMkjZ2h2WG8MSzRw==

vue-router@^4.0.0-beta.6:
  version "4.0.0-beta.6"
  resolved "https://registry.yarnpkg.com/vue-router/-/vue-router-4.0.0-beta.6.tgz#7ddf4c00d1bee778fb8945f5e8ccb931b5885543"
  integrity sha512-zF+reWzcM0ivbIAbjfCpDVYlvc4iQAi7rx5abLNUcNiJxuTMR0lEBoxamQcaewV4sJ+zskX6PYW3QM5/fRkPqA==

vue@^3.0.0-rc.5:
  version "3.0.0-rc.5"
  resolved "https://registry.yarnpkg.com/vue/-/vue-3.0.0-rc.5.tgz#973175d45a892b3bd23ef5de7faa4add9c66275f"
  integrity sha512-8t8Y4sHMBGD5iLZ7JfBGmKBJlzesPoL+/nW9EV8s+4LwnKC4rGlRp+Lj2rcign4iQaj0GFaL7DrQ8IoOfVX6+w==
  dependencies:
    "@vue/compiler-dom" "3.0.0-rc.5"
    "@vue/runtime-dom" "3.0.0-rc.5"
    "@vue/shared" "3.0.0-rc.5"

vuex@^4.0.0-beta.4:
  version "4.0.0-beta.4"
  resolved "https://registry.yarnpkg.com/vuex/-/vuex-4.0.0-beta.4.tgz#7b319ead2ef30432b7eaa4e37258ea3c5e44f698"
  integrity sha512-/+4E1dokq5cwbl4mohOqOj8h0vOLOWmLSqlqTf++bfmN9/JKWtwYfsBrzlK0sYrNfuYcpQeX0BVxQHoHXDfYZQ==
